// !$*UTF8*$!
{
	archiveVersion = 1;
	classes = {
	};
	objectVersion = 46;
	objects = {

/* Begin PBXBuildFile section */
		330C6FE11A52EEBB0030ADA2 /* PromptBox.swift in Sources */ = {isa = PBXBuildFile; fileRef = 330C6FE01A52EEBB0030ADA2 /* PromptBox.swift */; };
		334D62A61A490CB0000CB824 /* SessionCenter.swift in Sources */ = {isa = PBXBuildFile; fileRef = 334D62A51A490CB0000CB824 /* SessionCenter.swift */; };
		334FA4581A3B56480065A87D /* AppDelegate.swift in Sources */ = {isa = PBXBuildFile; fileRef = 334FA4571A3B56480065A87D /* AppDelegate.swift */; };
		334FA45F1A3B56480065A87D /* Images.xcassets in Resources */ = {isa = PBXBuildFile; fileRef = 334FA45E1A3B56480065A87D /* Images.xcassets */; };
		334FA4621A3B56480065A87D /* LaunchScreen.xib in Resources */ = {isa = PBXBuildFile; fileRef = 334FA4601A3B56480065A87D /* LaunchScreen.xib */; };
		334FA46E1A3B56480065A87D /* GlassOSTests.swift in Sources */ = {isa = PBXBuildFile; fileRef = 334FA46D1A3B56480065A87D /* GlassOSTests.swift */; };
		334FA47A1A3B567F0065A87D /* RootController.swift in Sources */ = {isa = PBXBuildFile; fileRef = 334FA4771A3B567F0065A87D /* RootController.swift */; };
		334FA47B1A3B567F0065A87D /* CamHomeController.swift in Sources */ = {isa = PBXBuildFile; fileRef = 334FA4781A3B567F0065A87D /* CamHomeController.swift */; };
		334FA47C1A3B567F0065A87D /* MainController.swift in Sources */ = {isa = PBXBuildFile; fileRef = 334FA4791A3B567F0065A87D /* MainController.swift */; };
		338EB0991A45261E008CF15C /* TranslationBox.swift in Sources */ = {isa = PBXBuildFile; fileRef = 338EB0981A45261E008CF15C /* TranslationBox.swift */; };
		338EB09C1A45364C008CF15C /* help.png in Resources */ = {isa = PBXBuildFile; fileRef = 338EB09B1A45364C008CF15C /* help.png */; };
		3398CB821A47DAF1002E8B89 /* help_sel.png in Resources */ = {isa = PBXBuildFile; fileRef = 3398CB811A47DAF1002E8B89 /* help_sel.png */; };
		3398CB841A47E1FF002E8B89 /* MenuBlock.swift in Sources */ = {isa = PBXBuildFile; fileRef = 3398CB831A47E1FF002E8B89 /* MenuBlock.swift */; };
		3398CB871A47ECF5002E8B89 /* email_sel.png in Resources */ = {isa = PBXBuildFile; fileRef = 3398CB851A47ECF5002E8B89 /* email_sel.png */; };
		3398CB881A47ECF5002E8B89 /* email.png in Resources */ = {isa = PBXBuildFile; fileRef = 3398CB861A47ECF5002E8B89 /* email.png */; };
		3398CB8B1A47ED20002E8B89 /* cam_sel.png in Resources */ = {isa = PBXBuildFile; fileRef = 3398CB891A47ED20002E8B89 /* cam_sel.png */; };
		3398CB8C1A47ED20002E8B89 /* cam.png in Resources */ = {isa = PBXBuildFile; fileRef = 3398CB8A1A47ED20002E8B89 /* cam.png */; };
		3398CB8F1A47ED39002E8B89 /* settings_sel.png in Resources */ = {isa = PBXBuildFile; fileRef = 3398CB8D1A47ED39002E8B89 /* settings_sel.png */; };
		3398CB901A47ED39002E8B89 /* settings.png in Resources */ = {isa = PBXBuildFile; fileRef = 3398CB8E1A47ED39002E8B89 /* settings.png */; };
		33AE1C111A49CDA300C1A723 /* Cursor.swift in Sources */ = {isa = PBXBuildFile; fileRef = 33AE1C101A49CDA300C1A723 /* Cursor.swift */; };
		33DAB8431A452360007F6A02 /* Menu.swift in Sources */ = {isa = PBXBuildFile; fileRef = 33DAB8421A452360007F6A02 /* Menu.swift */; };
		33F8D83D1A5A4F7D00D3C755 /* tessdata in Resources */ = {isa = PBXBuildFile; fileRef = 33F8D83C1A5A4F7D00D3C755 /* tessdata */; };
		33FCAEF91A3B5B9A007FBFF2 /* NotificationBox.swift in Sources */ = {isa = PBXBuildFile; fileRef = 33FCAEF81A3B5B9A007FBFF2 /* NotificationBox.swift */; };
		7CCF82D0C6B4CF0A062EEC50 /* libPods.a in Frameworks */ = {isa = PBXBuildFile; fileRef = 746017FE711EFBFBB66A6252 /* libPods.a */; };
/* End PBXBuildFile section */

/* Begin PBXContainerItemProxy section */
		334FA4681A3B56480065A87D /* PBXContainerItemProxy */ = {
			isa = PBXContainerItemProxy;
			containerPortal = 334FA44A1A3B56480065A87D /* Project object */;
			proxyType = 1;
			remoteGlobalIDString = 334FA4511A3B56480065A87D;
			remoteInfo = GlassOS;
		};
/* End PBXContainerItemProxy section */

/* Begin PBXFileReference section */
		330C6FE01A52EEBB0030ADA2 /* PromptBox.swift */ = {isa = PBXFileReference; fileEncoding = 4; lastKnownFileType = sourcecode.swift; path = PromptBox.swift; sourceTree = "<group>"; };
		334D62A51A490CB0000CB824 /* SessionCenter.swift */ = {isa = PBXFileReference; fileEncoding = 4; lastKnownFileType = sourcecode.swift; path = SessionCenter.swift; sourceTree = "<group>"; };
		334FA4521A3B56480065A87D /* GlassOS.app */ = {isa = PBXFileReference; explicitFileType = wrapper.application; includeInIndex = 0; path = GlassOS.app; sourceTree = BUILT_PRODUCTS_DIR; };
		334FA4561A3B56480065A87D /* Info.plist */ = {isa = PBXFileReference; lastKnownFileType = text.plist.xml; path = Info.plist; sourceTree = "<group>"; };
		334FA4571A3B56480065A87D /* AppDelegate.swift */ = {isa = PBXFileReference; lastKnownFileType = sourcecode.swift; path = AppDelegate.swift; sourceTree = "<group>"; };
		334FA45E1A3B56480065A87D /* Images.xcassets */ = {isa = PBXFileReference; lastKnownFileType = folder.assetcatalog; path = Images.xcassets; sourceTree = "<group>"; };
		334FA4611A3B56480065A87D /* Base */ = {isa = PBXFileReference; lastKnownFileType = file.xib; name = Base; path = Base.lproj/LaunchScreen.xib; sourceTree = "<group>"; };
		334FA4671A3B56480065A87D /* GlassOSTests.xctest */ = {isa = PBXFileReference; explicitFileType = wrapper.cfbundle; includeInIndex = 0; path = GlassOSTests.xctest; sourceTree = BUILT_PRODUCTS_DIR; };
		334FA46C1A3B56480065A87D /* Info.plist */ = {isa = PBXFileReference; lastKnownFileType = text.plist.xml; path = Info.plist; sourceTree = "<group>"; };
		334FA46D1A3B56480065A87D /* GlassOSTests.swift */ = {isa = PBXFileReference; lastKnownFileType = sourcecode.swift; path = GlassOSTests.swift; sourceTree = "<group>"; };
		334FA4771A3B567F0065A87D /* RootController.swift */ = {isa = PBXFileReference; fileEncoding = 4; lastKnownFileType = sourcecode.swift; path = RootController.swift; sourceTree = "<group>"; };
		334FA4781A3B567F0065A87D /* CamHomeController.swift */ = {isa = PBXFileReference; fileEncoding = 4; lastKnownFileType = sourcecode.swift; path = CamHomeController.swift; sourceTree = "<group>"; };
		334FA4791A3B567F0065A87D /* MainController.swift */ = {isa = PBXFileReference; fileEncoding = 4; lastKnownFileType = sourcecode.swift; path = MainController.swift; sourceTree = "<group>"; };
		335901091E294B5DB7A79A3E /* Pods.release.xcconfig */ = {isa = PBXFileReference; includeInIndex = 1; lastKnownFileType = text.xcconfig; name = Pods.release.xcconfig; path = "Pods/Target Support Files/Pods/Pods.release.xcconfig"; sourceTree = "<group>"; };
		338EB0981A45261E008CF15C /* TranslationBox.swift */ = {isa = PBXFileReference; fileEncoding = 4; lastKnownFileType = sourcecode.swift; path = TranslationBox.swift; sourceTree = "<group>"; };
		338EB09B1A45364C008CF15C /* help.png */ = {isa = PBXFileReference; lastKnownFileType = image.png; name = help.png; path = Images/help.png; sourceTree = "<group>"; };
		3398CB811A47DAF1002E8B89 /* help_sel.png */ = {isa = PBXFileReference; lastKnownFileType = image.png; name = help_sel.png; path = Images/help_sel.png; sourceTree = "<group>"; };
		3398CB831A47E1FF002E8B89 /* MenuBlock.swift */ = {isa = PBXFileReference; fileEncoding = 4; lastKnownFileType = sourcecode.swift; path = MenuBlock.swift; sourceTree = "<group>"; };
		3398CB851A47ECF5002E8B89 /* email_sel.png */ = {isa = PBXFileReference; lastKnownFileType = image.png; name = email_sel.png; path = Images/email_sel.png; sourceTree = "<group>"; };
		3398CB861A47ECF5002E8B89 /* email.png */ = {isa = PBXFileReference; lastKnownFileType = image.png; name = email.png; path = Images/email.png; sourceTree = "<group>"; };
		3398CB891A47ED20002E8B89 /* cam_sel.png */ = {isa = PBXFileReference; lastKnownFileType = image.png; name = cam_sel.png; path = Images/cam_sel.png; sourceTree = "<group>"; };
		3398CB8A1A47ED20002E8B89 /* cam.png */ = {isa = PBXFileReference; lastKnownFileType = image.png; name = cam.png; path = Images/cam.png; sourceTree = "<group>"; };
		3398CB8D1A47ED39002E8B89 /* settings_sel.png */ = {isa = PBXFileReference; lastKnownFileType = image.png; name = settings_sel.png; path = Images/settings_sel.png; sourceTree = "<group>"; };
		3398CB8E1A47ED39002E8B89 /* settings.png */ = {isa = PBXFileReference; lastKnownFileType = image.png; name = settings.png; path = Images/settings.png; sourceTree = "<group>"; };
		33ACFD841A5A3617008B0A14 /* libPods-TesseractOCRiOS.a */ = {isa = PBXFileReference; lastKnownFileType = archive.ar; name = "libPods-TesseractOCRiOS.a"; path = "Pods/build/Debug-iphoneos/libPods-TesseractOCRiOS.a"; sourceTree = "<group>"; };
		33AE1C101A49CDA300C1A723 /* Cursor.swift */ = {isa = PBXFileReference; fileEncoding = 4; lastKnownFileType = sourcecode.swift; path = Cursor.swift; sourceTree = "<group>"; };
		33BE1A151A58AFB20033C64A /* GPUImage.framework */ = {isa = PBXFileReference; lastKnownFileType = wrapper.framework; name = GPUImage.framework; path = "../../../Library/Developer/Xcode/DerivedData/GlassOS-ewyfxjjmxwdyykbdedqakntkrcde/Build/Products/Debug-iphoneos/GPUImage.framework"; sourceTree = "<group>"; };
		33DAB8421A452360007F6A02 /* Menu.swift */ = {isa = PBXFileReference; fileEncoding = 4; lastKnownFileType = sourcecode.swift; path = Menu.swift; sourceTree = "<group>"; };
		33F8D8281A5A38CC00D3C755 /* GlassOS-Bridging-Header.h */ = {isa = PBXFileReference; lastKnownFileType = sourcecode.c.h; name = "GlassOS-Bridging-Header.h"; path = "GlassOS/GlassOS-Bridging-Header.h"; sourceTree = "<group>"; };
		33F8D83C1A5A4F7D00D3C755 /* tessdata */ = {isa = PBXFileReference; lastKnownFileType = folder; path = tessdata; sourceTree = "<group>"; };
		33FCAEF81A3B5B9A007FBFF2 /* NotificationBox.swift */ = {isa = PBXFileReference; fileEncoding = 4; lastKnownFileType = sourcecode.swift; path = NotificationBox.swift; sourceTree = "<group>"; };
		746017FE711EFBFBB66A6252 /* libPods.a */ = {isa = PBXFileReference; explicitFileType = archive.ar; includeInIndex = 0; path = libPods.a; sourceTree = BUILT_PRODUCTS_DIR; };
		BABBEFADDA0B0426AC6496C4 /* Pods.debug.xcconfig */ = {isa = PBXFileReference; includeInIndex = 1; lastKnownFileType = text.xcconfig; name = Pods.debug.xcconfig; path = "Pods/Target Support Files/Pods/Pods.debug.xcconfig"; sourceTree = "<group>"; };
/* End PBXFileReference section */

/* Begin PBXFrameworksBuildPhase section */
		334FA44F1A3B56480065A87D /* Frameworks */ = {
			isa = PBXFrameworksBuildPhase;
			buildActionMask = 2147483647;
			files = (
				7CCF82D0C6B4CF0A062EEC50 /* libPods.a in Frameworks */,
			);
			runOnlyForDeploymentPostprocessing = 0;
		};
		334FA4641A3B56480065A87D /* Frameworks */ = {
			isa = PBXFrameworksBuildPhase;
			buildActionMask = 2147483647;
			files = (
			);
			runOnlyForDeploymentPostprocessing = 0;
		};
/* End PBXFrameworksBuildPhase section */

/* Begin PBXGroup section */
		334FA4491A3B56480065A87D = {
			isa = PBXGroup;
			children = (
				33F8D8281A5A38CC00D3C755 /* GlassOS-Bridging-Header.h */,
				334FA4541A3B56480065A87D /* GlassOS */,
				334FA46A1A3B56480065A87D /* GlassOSTests */,
				334FA4531A3B56480065A87D /* Products */,
				AD2FEE9C734C7CD646DB9B15 /* Pods */,
				4B38BB2FF8368943A867C02E /* Frameworks */,
			);
			sourceTree = "<group>";
		};
		334FA4531A3B56480065A87D /* Products */ = {
			isa = PBXGroup;
			children = (
				334FA4521A3B56480065A87D /* GlassOS.app */,
				334FA4671A3B56480065A87D /* GlassOSTests.xctest */,
			);
			name = Products;
			sourceTree = "<group>";
		};
		334FA4541A3B56480065A87D /* GlassOS */ = {
			isa = PBXGroup;
			children = (
				334D62A51A490CB0000CB824 /* SessionCenter.swift */,
				337B8E4D1A45578E009A01F7 /* UIElements */,
				334FA4781A3B567F0065A87D /* CamHomeController.swift */,
				334FA4771A3B567F0065A87D /* RootController.swift */,
				334FA4791A3B567F0065A87D /* MainController.swift */,
				334FA4571A3B56480065A87D /* AppDelegate.swift */,
				334FA45E1A3B56480065A87D /* Images.xcassets */,
				334FA4601A3B56480065A87D /* LaunchScreen.xib */,
				334FA4551A3B56480065A87D /* Supporting Files */,
			);
			path = GlassOS;
			sourceTree = "<group>";
		};
		334FA4551A3B56480065A87D /* Supporting Files */ = {
			isa = PBXGroup;
			children = (
				33F8D83C1A5A4F7D00D3C755 /* tessdata */,
				338EB09A1A45363C008CF15C /* Images */,
				334FA4561A3B56480065A87D /* Info.plist */,
			);
			name = "Supporting Files";
			sourceTree = "<group>";
		};
		334FA46A1A3B56480065A87D /* GlassOSTests */ = {
			isa = PBXGroup;
			children = (
				334FA46D1A3B56480065A87D /* GlassOSTests.swift */,
				334FA46B1A3B56480065A87D /* Supporting Files */,
			);
			path = GlassOSTests;
			sourceTree = "<group>";
		};
		334FA46B1A3B56480065A87D /* Supporting Files */ = {
			isa = PBXGroup;
			children = (
				334FA46C1A3B56480065A87D /* Info.plist */,
			);
			name = "Supporting Files";
			sourceTree = "<group>";
		};
		337B8E4D1A45578E009A01F7 /* UIElements */ = {
			isa = PBXGroup;
			children = (
				33DAB8421A452360007F6A02 /* Menu.swift */,
				3398CB831A47E1FF002E8B89 /* MenuBlock.swift */,
				338EB0981A45261E008CF15C /* TranslationBox.swift */,
				33FCAEF81A3B5B9A007FBFF2 /* NotificationBox.swift */,
				33AE1C101A49CDA300C1A723 /* Cursor.swift */,
				330C6FE01A52EEBB0030ADA2 /* PromptBox.swift */,
			);
			name = UIElements;
			sourceTree = "<group>";
		};
		338EB09A1A45363C008CF15C /* Images */ = {
			isa = PBXGroup;
			children = (
				3398CB851A47ECF5002E8B89 /* email_sel.png */,
				3398CB861A47ECF5002E8B89 /* email.png */,
				338EB09B1A45364C008CF15C /* help.png */,
				3398CB811A47DAF1002E8B89 /* help_sel.png */,
				3398CB891A47ED20002E8B89 /* cam_sel.png */,
				3398CB8A1A47ED20002E8B89 /* cam.png */,
				3398CB8D1A47ED39002E8B89 /* settings_sel.png */,
				3398CB8E1A47ED39002E8B89 /* settings.png */,
			);
			name = Images;
			sourceTree = "<group>";
		};
		4B38BB2FF8368943A867C02E /* Frameworks */ = {
			isa = PBXGroup;
			children = (
				33ACFD841A5A3617008B0A14 /* libPods-TesseractOCRiOS.a */,
				33BE1A151A58AFB20033C64A /* GPUImage.framework */,
				746017FE711EFBFBB66A6252 /* libPods.a */,
			);
			name = Frameworks;
			sourceTree = "<group>";
		};
		AD2FEE9C734C7CD646DB9B15 /* Pods */ = {
			isa = PBXGroup;
			children = (
				BABBEFADDA0B0426AC6496C4 /* Pods.debug.xcconfig */,
				335901091E294B5DB7A79A3E /* Pods.release.xcconfig */,
			);
			name = Pods;
			sourceTree = "<group>";
		};
/* End PBXGroup section */

/* Begin PBXNativeTarget section */
		334FA4511A3B56480065A87D /* GlassOS */ = {
			isa = PBXNativeTarget;
			buildConfigurationList = 334FA4711A3B56480065A87D /* Build configuration list for PBXNativeTarget "GlassOS" */;
			buildPhases = (
				8EFA4361A9E4697E9B8DEB44 /* Check Pods Manifest.lock */,
				334FA44E1A3B56480065A87D /* Sources */,
				334FA44F1A3B56480065A87D /* Frameworks */,
				334FA4501A3B56480065A87D /* Resources */,
				448B509B8036C0B699098D02 /* Copy Pods Resources */,
			);
			buildRules = (
			);
			dependencies = (
			);
			name = GlassOS;
			productName = GlassOS;
			productReference = 334FA4521A3B56480065A87D /* GlassOS.app */;
			productType = "com.apple.product-type.application";
		};
		334FA4661A3B56480065A87D /* GlassOSTests */ = {
			isa = PBXNativeTarget;
			buildConfigurationList = 334FA4741A3B56480065A87D /* Build configuration list for PBXNativeTarget "GlassOSTests" */;
			buildPhases = (
				334FA4631A3B56480065A87D /* Sources */,
				334FA4641A3B56480065A87D /* Frameworks */,
				334FA4651A3B56480065A87D /* Resources */,
			);
			buildRules = (
			);
			dependencies = (
				334FA4691A3B56480065A87D /* PBXTargetDependency */,
			);
			name = GlassOSTests;
			productName = GlassOSTests;
			productReference = 334FA4671A3B56480065A87D /* GlassOSTests.xctest */;
			productType = "com.apple.product-type.bundle.unit-test";
		};
/* End PBXNativeTarget section */

/* Begin PBXProject section */
		334FA44A1A3B56480065A87D /* Project object */ = {
			isa = PBXProject;
			attributes = {
				LastUpgradeCheck = 0610;
				ORGANIZATIONNAME = "Timothy Tong";
				TargetAttributes = {
					334FA4511A3B56480065A87D = {
						CreatedOnToolsVersion = 6.1.1;
					};
					334FA4661A3B56480065A87D = {
						CreatedOnToolsVersion = 6.1.1;
						TestTargetID = 334FA4511A3B56480065A87D;
					};
				};
			};
			buildConfigurationList = 334FA44D1A3B56480065A87D /* Build configuration list for PBXProject "GlassOS" */;
			compatibilityVersion = "Xcode 3.2";
			developmentRegion = English;
			hasScannedForEncodings = 0;
			knownRegions = (
				en,
				Base,
			);
			mainGroup = 334FA4491A3B56480065A87D;
			productRefGroup = 334FA4531A3B56480065A87D /* Products */;
			projectDirPath = "";
			projectRoot = "";
			targets = (
				334FA4511A3B56480065A87D /* GlassOS */,
				334FA4661A3B56480065A87D /* GlassOSTests */,
			);
		};
/* End PBXProject section */

/* Begin PBXResourcesBuildPhase section */
		334FA4501A3B56480065A87D /* Resources */ = {
			isa = PBXResourcesBuildPhase;
			buildActionMask = 2147483647;
			files = (
				3398CB8F1A47ED39002E8B89 /* settings_sel.png in Resources */,
				334FA4621A3B56480065A87D /* LaunchScreen.xib in Resources */,
				3398CB8B1A47ED20002E8B89 /* cam_sel.png in Resources */,
				33F8D83D1A5A4F7D00D3C755 /* tessdata in Resources */,
				334FA45F1A3B56480065A87D /* Images.xcassets in Resources */,
				3398CB8C1A47ED20002E8B89 /* cam.png in Resources */,
				3398CB881A47ECF5002E8B89 /* email.png in Resources */,
				3398CB901A47ED39002E8B89 /* settings.png in Resources */,
				3398CB871A47ECF5002E8B89 /* email_sel.png in Resources */,
				338EB09C1A45364C008CF15C /* help.png in Resources */,
				3398CB821A47DAF1002E8B89 /* help_sel.png in Resources */,
			);
			runOnlyForDeploymentPostprocessing = 0;
		};
		334FA4651A3B56480065A87D /* Resources */ = {
			isa = PBXResourcesBuildPhase;
			buildActionMask = 2147483647;
			files = (
			);
			runOnlyForDeploymentPostprocessing = 0;
		};
/* End PBXResourcesBuildPhase section */

/* Begin PBXShellScriptBuildPhase section */
		448B509B8036C0B699098D02 /* Copy Pods Resources */ = {
			isa = PBXShellScriptBuildPhase;
			buildActionMask = 2147483647;
			files = (
			);
			inputPaths = (
			);
			name = "Copy Pods Resources";
			outputPaths = (
			);
			runOnlyForDeploymentPostprocessing = 0;
			shellPath = /bin/sh;
			shellScript = "\"${SRCROOT}/Pods/Target Support Files/Pods/Pods-resources.sh\"\n";
			showEnvVarsInLog = 0;
		};
		8EFA4361A9E4697E9B8DEB44 /* Check Pods Manifest.lock */ = {
			isa = PBXShellScriptBuildPhase;
			buildActionMask = 2147483647;
			files = (
			);
			inputPaths = (
			);
			name = "Check Pods Manifest.lock";
			outputPaths = (
			);
			runOnlyForDeploymentPostprocessing = 0;
			shellPath = /bin/sh;
			shellScript = "diff \"${PODS_ROOT}/../Podfile.lock\" \"${PODS_ROOT}/Manifest.lock\" > /dev/null\nif [[ $? != 0 ]] ; then\n    cat << EOM\nerror: The sandbox is not in sync with the Podfile.lock. Run 'pod install' or update your CocoaPods installation.\nEOM\n    exit 1\nfi\n";
			showEnvVarsInLog = 0;
		};
/* End PBXShellScriptBuildPhase section */

/* Begin PBXSourcesBuildPhase section */
		334FA44E1A3B56480065A87D /* Sources */ = {
			isa = PBXSourcesBuildPhase;
			buildActionMask = 2147483647;
			files = (
				33DAB8431A452360007F6A02 /* Menu.swift in Sources */,
				334FA47C1A3B567F0065A87D /* MainController.swift in Sources */,
				3398CB841A47E1FF002E8B89 /* MenuBlock.swift in Sources */,
				334FA47B1A3B567F0065A87D /* CamHomeController.swift in Sources */,
				338EB0991A45261E008CF15C /* TranslationBox.swift in Sources */,
				33AE1C111A49CDA300C1A723 /* Cursor.swift in Sources */,
				33FCAEF91A3B5B9A007FBFF2 /* NotificationBox.swift in Sources */,
				334FA4581A3B56480065A87D /* AppDelegate.swift in Sources */,
				334FA47A1A3B567F0065A87D /* RootController.swift in Sources */,
				334D62A61A490CB0000CB824 /* SessionCenter.swift in Sources */,
				330C6FE11A52EEBB0030ADA2 /* PromptBox.swift in Sources */,
			);
			runOnlyForDeploymentPostprocessing = 0;
		};
		334FA4631A3B56480065A87D /* Sources */ = {
			isa = PBXSourcesBuildPhase;
			buildActionMask = 2147483647;
			files = (
				334FA46E1A3B56480065A87D /* GlassOSTests.swift in Sources */,
			);
			runOnlyForDeploymentPostprocessing = 0;
		};
/* End PBXSourcesBuildPhase section */

/* Begin PBXTargetDependency section */
		334FA4691A3B56480065A87D /* PBXTargetDependency */ = {
			isa = PBXTargetDependency;
			target = 334FA4511A3B56480065A87D /* GlassOS */;
			targetProxy = 334FA4681A3B56480065A87D /* PBXContainerItemProxy */;
		};
/* End PBXTargetDependency section */

/* Begin PBXVariantGroup section */
		334FA4601A3B56480065A87D /* LaunchScreen.xib */ = {
			isa = PBXVariantGroup;
			children = (
				334FA4611A3B56480065A87D /* Base */,
			);
			name = LaunchScreen.xib;
			sourceTree = "<group>";
		};
/* End PBXVariantGroup section */

/* Begin XCBuildConfiguration section */
		334FA46F1A3B56480065A87D /* Debug */ = {
			isa = XCBuildConfiguration;
			buildSettings = {
				ALWAYS_SEARCH_USER_PATHS = NO;
				CLANG_CXX_LANGUAGE_STANDARD = "gnu++0x";
				CLANG_CXX_LIBRARY = "libc++";
				CLANG_ENABLE_MODULES = YES;
				CLANG_ENABLE_OBJC_ARC = YES;
				CLANG_WARN_BOOL_CONVERSION = YES;
				CLANG_WARN_CONSTANT_CONVERSION = YES;
				CLANG_WARN_DIRECT_OBJC_ISA_USAGE = YES_ERROR;
				CLANG_WARN_EMPTY_BODY = YES;
				CLANG_WARN_ENUM_CONVERSION = YES;
				CLANG_WARN_INT_CONVERSION = YES;
				CLANG_WARN_OBJC_ROOT_CLASS = YES_ERROR;
				CLANG_WARN_UNREACHABLE_CODE = YES;
				CLANG_WARN__DUPLICATE_METHOD_MATCH = YES;
				"CODE_SIGN_IDENTITY[sdk=iphoneos*]" = "iPhone Developer";
				COPY_PHASE_STRIP = NO;
				ENABLE_STRICT_OBJC_MSGSEND = YES;
				GCC_C_LANGUAGE_STANDARD = gnu99;
				GCC_DYNAMIC_NO_PIC = NO;
				GCC_OPTIMIZATION_LEVEL = 0;
				GCC_PREPROCESSOR_DEFINITIONS = (
					"DEBUG=1",
					"$(inherited)",
				);
				GCC_SYMBOLS_PRIVATE_EXTERN = NO;
				GCC_WARN_64_TO_32_BIT_CONVERSION = YES;
				GCC_WARN_ABOUT_RETURN_TYPE = YES_ERROR;
				GCC_WARN_UNDECLARED_SELECTOR = YES;
				GCC_WARN_UNINITIALIZED_AUTOS = YES_AGGRESSIVE;
				GCC_WARN_UNUSED_FUNCTION = YES;
				GCC_WARN_UNUSED_VARIABLE = YES;
				IPHONEOS_DEPLOYMENT_TARGET = 8.1;
				MTL_ENABLE_DEBUG_INFO = YES;
				ONLY_ACTIVE_ARCH = YES;
				SDKROOT = iphoneos;
				SWIFT_OPTIMIZATION_LEVEL = "-Onone";
				TARGETED_DEVICE_FAMILY = "1,2";
			};
			name = Debug;
		};
		334FA4701A3B56480065A87D /* Release */ = {
			isa = XCBuildConfiguration;
			buildSettings = {
				ALWAYS_SEARCH_USER_PATHS = NO;
				CLANG_CXX_LANGUAGE_STANDARD = "gnu++0x";
				CLANG_CXX_LIBRARY = "libc++";
				CLANG_ENABLE_MODULES = YES;
				CLANG_ENABLE_OBJC_ARC = YES;
				CLANG_WARN_BOOL_CONVERSION = YES;
				CLANG_WARN_CONSTANT_CONVERSION = YES;
				CLANG_WARN_DIRECT_OBJC_ISA_USAGE = YES_ERROR;
				CLANG_WARN_EMPTY_BODY = YES;
				CLANG_WARN_ENUM_CONVERSION = YES;
				CLANG_WARN_INT_CONVERSION = YES;
				CLANG_WARN_OBJC_ROOT_CLASS = YES_ERROR;
				CLANG_WARN_UNREACHABLE_CODE = YES;
				CLANG_WARN__DUPLICATE_METHOD_MATCH = YES;
				"CODE_SIGN_IDENTITY[sdk=iphoneos*]" = "iPhone Developer";
				COPY_PHASE_STRIP = YES;
				ENABLE_NS_ASSERTIONS = NO;
				ENABLE_STRICT_OBJC_MSGSEND = YES;
				GCC_C_LANGUAGE_STANDARD = gnu99;
				GCC_WARN_64_TO_32_BIT_CONVERSION = YES;
				GCC_WARN_ABOUT_RETURN_TYPE = YES_ERROR;
				GCC_WARN_UNDECLARED_SELECTOR = YES;
				GCC_WARN_UNINITIALIZED_AUTOS = YES_AGGRESSIVE;
				GCC_WARN_UNUSED_FUNCTION = YES;
				GCC_WARN_UNUSED_VARIABLE = YES;
				IPHONEOS_DEPLOYMENT_TARGET = 8.1;
				MTL_ENABLE_DEBUG_INFO = NO;
				SDKROOT = iphoneos;
				TARGETED_DEVICE_FAMILY = "1,2";
				VALIDATE_PRODUCT = YES;
			};
			name = Release;
		};
		334FA4721A3B56480065A87D /* Debug */ = {
			isa = XCBuildConfiguration;
			baseConfigurationReference = BABBEFADDA0B0426AC6496C4 /* Pods.debug.xcconfig */;
			buildSettings = {
				ASSETCATALOG_COMPILER_APPICON_NAME = AppIcon;
				FRAMEWORK_SEARCH_PATHS = (
					"$(inherited)",
					"$(USER_LIBRARY_DIR)/Developer/Xcode/DerivedData/GlassOS-ewyfxjjmxwdyykbdedqakntkrcde/Build/Products/Debug-iphoneos",
				);
				INFOPLIST_FILE = GlassOS/Info.plist;
				IPHONEOS_DEPLOYMENT_TARGET = 8.0;
				LD_RUNPATH_SEARCH_PATHS = "$(inherited) @executable_path/Frameworks";
				PRODUCT_NAME = "$(TARGET_NAME)";
				SWIFT_INSTALL_OBJC_HEADER = YES;
				SWIFT_OBJC_BRIDGING_HEADER = "GlassOS/GlassOS-Bridging-Header.h";
			};
			name = Debug;
		};
		334FA4731A3B56480065A87D /* Release */ = {
			isa = XCBuildConfiguration;
			baseConfigurationReference = 335901091E294B5DB7A79A3E /* Pods.release.xcconfig */;
			buildSettings = {
				ASSETCATALOG_COMPILER_APPICON_NAME = AppIcon;
				FRAMEWORK_SEARCH_PATHS = (
					"$(inherited)",
					"$(USER_LIBRARY_DIR)/Developer/Xcode/DerivedData/GlassOS-ewyfxjjmxwdyykbdedqakntkrcde/Build/Products/Debug-iphoneos",
				);
				INFOPLIST_FILE = GlassOS/Info.plist;
				IPHONEOS_DEPLOYMENT_TARGET = 8.0;
				LD_RUNPATH_SEARCH_PATHS = "$(inherited) @executable_path/Frameworks";
				PRODUCT_NAME = "$(TARGET_NAME)";
				SWIFT_INSTALL_OBJC_HEADER = YES;
				SWIFT_OBJC_BRIDGING_HEADER = "GlassOS/GlassOS-Bridging-Header.h";
			};
			name = Release;
		};
		334FA4751A3B56480065A87D /* Debug */ = {
			isa = XCBuildConfiguration;
			buildSettings = {
				BUNDLE_LOADER = "$(TEST_HOST)";
				FRAMEWORK_SEARCH_PATHS = (
					"$(SDKROOT)/Developer/Library/Frameworks",
					"$(inherited)",
				);
				GCC_PREPROCESSOR_DEFINITIONS = (
					"DEBUG=1",
					"$(inherited)",
				);
				INFOPLIST_FILE = GlassOSTests/Info.plist;
				LD_RUNPATH_SEARCH_PATHS = "$(inherited) @executable_path/Frameworks @loader_path/Frameworks";
				PRODUCT_NAME = "$(TARGET_NAME)";
				TEST_HOST = "$(BUILT_PRODUCTS_DIR)/GlassOS.app/GlassOS";
			};
			name = Debug;
		};
		334FA4761A3B56480065A87D /* Release */ = {
			isa = XCBuildConfiguration;
			buildSettings = {
				BUNDLE_LOADER = "$(TEST_HOST)";
				FRAMEWORK_SEARCH_PATHS = (
					"$(SDKROOT)/Developer/Library/Frameworks",
					"$(inherited)",
				);
				INFOPLIST_FILE = GlassOSTests/Info.plist;
				LD_RUNPATH_SEARCH_PATHS = "$(inherited) @executable_path/Frameworks @loader_path/Frameworks";
				PRODUCT_NAME = "$(TARGET_NAME)";
				TEST_HOST = "$(BUILT_PRODUCTS_DIR)/GlassOS.app/GlassOS";
			};
			name = Release;
		};
/* End XCBuildConfiguration section */

/* Begin XCConfigurationList section */
		334FA44D1A3B56480065A87D /* Build configuration list for PBXProject "GlassOS" */ = {
			isa = XCConfigurationList;
			buildConfigurations = (
				334FA46F1A3B56480065A87D /* Debug */,
				334FA4701A3B56480065A87D /* Release */,
			);
			defaultConfigurationIsVisible = 0;
			defaultConfigurationName = Release;
		};
		334FA4711A3B56480065A87D /* Build configuration list for PBXNativeTarget "GlassOS" */ = {
			isa = XCConfigurationList;
			buildConfigurations = (
				334FA4721A3B56480065A87D /* Debug */,
				334FA4731A3B56480065A87D /* Release */,
			);
			defaultConfigurationIsVisible = 0;
			defaultConfigurationName = Release;
		};
		334FA4741A3B56480065A87D /* Build configuration list for PBXNativeTarget "GlassOSTests" */ = {
			isa = XCConfigurationList;
			buildConfigurations = (
				334FA4751A3B56480065A87D /* Debug */,
				334FA4761A3B56480065A87D /* Release */,
			);
			defaultConfigurationIsVisible = 0;
			defaultConfigurationName = Release;
		};
/* End XCConfigurationList section */
	};
	rootObject = 334FA44A1A3B56480065A87D /* Project object */;
}
